// !$*UTF8*$!
{
	archiveVersion = 1;
	classes = {
	};
	objectVersion = 46;
	objects = {

/* Begin PBXBuildFile section */
		F2012CDD1D334410001E4123 /* currentDotImg.png in Resources */ = {isa = PBXBuildFile; fileRef = F2012CDB1D334410001E4123 /* currentDotImg.png */; };
		F2012CDE1D334410001E4123 /* normalDotImg.png in Resources */ = {isa = PBXBuildFile; fileRef = F2012CDC1D334410001E4123 /* normalDotImg.png */; };
		F2AA914D1D2CA2E200E57253 /* AppDelegate.swift in Sources */ = {isa = PBXBuildFile; fileRef = F2AA914C1D2CA2E100E57253 /* AppDelegate.swift */; };
		F2AA914F1D2CA2E200E57253 /* ViewController.swift in Sources */ = {isa = PBXBuildFile; fileRef = F2AA914E1D2CA2E200E57253 /* ViewController.swift */; };
		F2AA91521D2CA2E200E57253 /* Main.storyboard in Resources */ = {isa = PBXBuildFile; fileRef = F2AA91501D2CA2E200E57253 /* Main.storyboard */; };
		F2AA91541D2CA2E200E57253 /* Assets.xcassets in Resources */ = {isa = PBXBuildFile; fileRef = F2AA91531D2CA2E200E57253 /* Assets.xcassets */; };
		F2AA91571D2CA2E200E57253 /* LaunchScreen.storyboard in Resources */ = {isa = PBXBuildFile; fileRef = F2AA91551D2CA2E200E57253 /* LaunchScreen.storyboard */; };
		F2AA91641D2CA5FF00E57253 /* DRImgCollectionView.swift in Sources */ = {isa = PBXBuildFile; fileRef = F2AA91631D2CA5FF00E57253 /* DRImgCollectionView.swift */; };
		F2AA91691D2CA70600E57253 /* image0.png in Resources */ = {isa = PBXBuildFile; fileRef = F2AA91651D2CA70500E57253 /* image0.png */; };
		F2AA916A1D2CA70600E57253 /* image1.png in Resources */ = {isa = PBXBuildFile; fileRef = F2AA91661D2CA70600E57253 /* image1.png */; };
		F2AA916B1D2CA70600E57253 /* image2.png in Resources */ = {isa = PBXBuildFile; fileRef = F2AA91671D2CA70600E57253 /* image2.png */; };
		F2AA916C1D2CA70600E57253 /* image3.png in Resources */ = {isa = PBXBuildFile; fileRef = F2AA91681D2CA70600E57253 /* image3.png */; };
		F2AA91A71D2F952D00E57253 /* DRPageControl.swift in Sources */ = {isa = PBXBuildFile; fileRef = F2AA91A61D2F952D00E57253 /* DRPageControl.swift */; };
		F2AA91A91D2FA4DD00E57253 /* DRImgCollectionViewCell.swift in Sources */ = {isa = PBXBuildFile; fileRef = F2AA91A81D2FA4DD00E57253 /* DRImgCollectionViewCell.swift */; };
/* End PBXBuildFile section */

/* Begin PBXFileReference section */
		F2012CDB1D334410001E4123 /* currentDotImg.png */ = {isa = PBXFileReference; lastKnownFileType = image.png; path = currentDotImg.png; sourceTree = "<group>"; };
		F2012CDC1D334410001E4123 /* normalDotImg.png */ = {isa = PBXFileReference; lastKnownFileType = image.png; path = normalDotImg.png; sourceTree = "<group>"; };
		F2AA91491D2CA2E100E57253 /* DRImgCollectionView_Swift.app */ = {isa = PBXFileReference; explicitFileType = wrapper.application; includeInIndex = 0; path = DRImgCollectionView_Swift.app; sourceTree = BUILT_PRODUCTS_DIR; };
		F2AA914C1D2CA2E100E57253 /* AppDelegate.swift */ = {isa = PBXFileReference; lastKnownFileType = sourcecode.swift; path = AppDelegate.swift; sourceTree = "<group>"; };
		F2AA914E1D2CA2E200E57253 /* ViewController.swift */ = {isa = PBXFileReference; lastKnownFileType = sourcecode.swift; path = ViewController.swift; sourceTree = "<group>"; };
		F2AA91511D2CA2E200E57253 /* Base */ = {isa = PBXFileReference; lastKnownFileType = file.storyboard; name = Base; path = Base.lproj/Main.storyboard; sourceTree = "<group>"; };
		F2AA91531D2CA2E200E57253 /* Assets.xcassets */ = {isa = PBXFileReference; lastKnownFileType = folder.assetcatalog; path = Assets.xcassets; sourceTree = "<group>"; };
		F2AA91561D2CA2E200E57253 /* Base */ = {isa = PBXFileReference; lastKnownFileType = file.storyboard; name = Base; path = Base.lproj/LaunchScreen.storyboard; sourceTree = "<group>"; };
		F2AA91581D2CA2E200E57253 /* Info.plist */ = {isa = PBXFileReference; lastKnownFileType = text.plist.xml; path = Info.plist; sourceTree = "<group>"; };
		F2AA91631D2CA5FF00E57253 /* DRImgCollectionView.swift */ = {isa = PBXFileReference; fileEncoding = 4; lastKnownFileType = sourcecode.swift; path = DRImgCollectionView.swift; sourceTree = "<group>"; };
		F2AA91651D2CA70500E57253 /* image0.png */ = {isa = PBXFileReference; lastKnownFileType = image.png; path = image0.png; sourceTree = "<group>"; };
		F2AA91661D2CA70600E57253 /* image1.png */ = {isa = PBXFileReference; lastKnownFileType = image.png; path = image1.png; sourceTree = "<group>"; };
		F2AA91671D2CA70600E57253 /* image2.png */ = {isa = PBXFileReference; lastKnownFileType = image.png; path = image2.png; sourceTree = "<group>"; };
		F2AA91681D2CA70600E57253 /* image3.png */ = {isa = PBXFileReference; lastKnownFileType = image.png; path = image3.png; sourceTree = "<group>"; };
		F2AA91A61D2F952D00E57253 /* DRPageControl.swift */ = {isa = PBXFileReference; fileEncoding = 4; lastKnownFileType = sourcecode.swift; path = DRPageControl.swift; sourceTree = "<group>"; };
		F2AA91A81D2FA4DD00E57253 /* DRImgCollectionViewCell.swift */ = {isa = PBXFileReference; fileEncoding = 4; lastKnownFileType = sourcecode.swift; path = DRImgCollectionViewCell.swift; sourceTree = "<group>"; };
/* End PBXFileReference section */

/* Begin PBXFrameworksBuildPhase section */
		F2AA91461D2CA2E100E57253 /* Frameworks */ = {
			isa = PBXFrameworksBuildPhase;
			buildActionMask = 2147483647;
			files = (
			);
			runOnlyForDeploymentPostprocessing = 0;
		};
/* End PBXFrameworksBuildPhase section */

/* Begin PBXGroup section */
		F2AA91401D2CA2E100E57253 = {
			isa = PBXGroup;
			children = (
				F2AA914B1D2CA2E100E57253 /* DRImgCollectionView_Swift */,
				F2AA914A1D2CA2E100E57253 /* Products */,
			);
			sourceTree = "<group>";
		};
		F2AA914A1D2CA2E100E57253 /* Products */ = {
			isa = PBXGroup;
			children = (
				F2AA91491D2CA2E100E57253 /* DRImgCollectionView_Swift.app */,
			);
			name = Products;
			sourceTree = "<group>";
		};
		F2AA914B1D2CA2E100E57253 /* DRImgCollectionView_Swift */ = {
			isa = PBXGroup;
			children = (
				F2AA914C1D2CA2E100E57253 /* AppDelegate.swift */,
				F2AA914E1D2CA2E200E57253 /* ViewController.swift */,
				F2AA915E1D2CA48800E57253 /* DRImgCollectionView */,
				F2AA91501D2CA2E200E57253 /* Main.storyboard */,
				F2AA91531D2CA2E200E57253 /* Assets.xcassets */,
				F2AA91551D2CA2E200E57253 /* LaunchScreen.storyboard */,
				F2AA91581D2CA2E200E57253 /* Info.plist */,
				F2012CDB1D334410001E4123 /* currentDotImg.png */,
				F2012CDC1D334410001E4123 /* normalDotImg.png */,
				F2AA91651D2CA70500E57253 /* image0.png */,
				F2AA91661D2CA70600E57253 /* image1.png */,
				F2AA91671D2CA70600E57253 /* image2.png */,
				F2AA91681D2CA70600E57253 /* image3.png */,
			);
			path = DRImgCollectionView_Swift;
			sourceTree = "<group>";
		};
		F2AA915E1D2CA48800E57253 /* DRImgCollectionView */ = {
			isa = PBXGroup;
			children = (
				F2AA91631D2CA5FF00E57253 /* DRImgCollectionView.swift */,
				F2AA91A81D2FA4DD00E57253 /* DRImgCollectionViewCell.swift */,
				F2AA91A51D2F952D00E57253 /* DRPageControl */,
			);
			path = DRImgCollectionView;
			sourceTree = "<group>";
		};
		F2AA91A51D2F952D00E57253 /* DRPageControl */ = {
			isa = PBXGroup;
			children = (
				F2AA91A61D2F952D00E57253 /* DRPageControl.swift */,
			);
			path = DRPageControl;
			sourceTree = "<group>";
		};
/* End PBXGroup section */

/* Begin PBXNativeTarget section */
		F2AA91481D2CA2E100E57253 /* DRImgCollectionView_Swift */ = {
			isa = PBXNativeTarget;
			buildConfigurationList = F2AA915B1D2CA2E200E57253 /* Build configuration list for PBXNativeTarget "DRImgCollectionView_Swift" */;
			buildPhases = (
				F2AA91451D2CA2E100E57253 /* Sources */,
				F2AA91461D2CA2E100E57253 /* Frameworks */,
				F2AA91471D2CA2E100E57253 /* Resources */,
			);
			buildRules = (
			);
			dependencies = (
			);
			name = DRImgCollectionView_Swift;
			productName = DRImgCollectionView_Swift;
			productReference = F2AA91491D2CA2E100E57253 /* DRImgCollectionView_Swift.app */;
			productType = "com.apple.product-type.application";
		};
/* End PBXNativeTarget section */

/* Begin PBXProject section */
		F2AA91411D2CA2E100E57253 /* Project object */ = {
			isa = PBXProject;
			attributes = {
				LastSwiftUpdateCheck = 0730;
				LastUpgradeCheck = 0730;
				ORGANIZATIONNAME = xqzh;
				TargetAttributes = {
					F2AA91481D2CA2E100E57253 = {
						CreatedOnToolsVersion = 7.3.1;
					};
				};
			};
			buildConfigurationList = F2AA91441D2CA2E100E57253 /* Build configuration list for PBXProject "DRImgCollectionView_Swift" */;
			compatibilityVersion = "Xcode 3.2";
			developmentRegion = English;
			hasScannedForEncodings = 0;
			knownRegions = (
				en,
				Base,
			);
			mainGroup = F2AA91401D2CA2E100E57253;
			productRefGroup = F2AA914A1D2CA2E100E57253 /* Products */;
			projectDirPath = "";
			projectRoot = "";
			targets = (
				F2AA91481D2CA2E100E57253 /* DRImgCollectionView_Swift */,
			);
		};
/* End PBXProject section */

/* Begin PBXResourcesBuildPhase section */
		F2AA91471D2CA2E100E57253 /* Resources */ = {
			isa = PBXResourcesBuildPhase;
			buildActionMask = 2147483647;
			files = (
				F2AA91691D2CA70600E57253 /* image0.png in Resources */,
				F2AA916A1D2CA70600E57253 /* image1.png in Resources */,
				F2AA916B1D2CA70600E57253 /* image2.png in Resources */,
				F2012CDD1D334410001E4123 /* currentDotImg.png in Resources */,
				F2AA91571D2CA2E200E57253 /* LaunchScreen.storyboard in Resources */,
				F2AA91541D2CA2E200E57253 /* Assets.xcassets in Resources */,
				F2AA916C1D2CA70600E57253 /* image3.png in Resources */,
				F2012CDE1D334410001E4123 /* normalDotImg.png in Resources */,
				F2AA91521D2CA2E200E57253 /* Main.storyboard in Resources */,
			);
			runOnlyForDeploymentPostprocessing = 0;
		};
/* End PBXResourcesBuildPhase section */

/* Begin PBXSourcesBuildPhase section */
		F2AA91451D2CA2E100E57253 /* Sources */ = {
			isa = PBXSourcesBuildPhase;
			buildActionMask = 2147483647;
			files = (
				F2AA914F1D2CA2E200E57253 /* ViewController.swift in Sources */,
				F2AA91A91D2FA4DD00E57253 /* DRImgCollectionViewCell.swift in Sources */,
				F2AA91641D2CA5FF00E57253 /* DRImgCollectionView.swift in Sources */,
				F2AA91A71D2F952D00E57253 /* DRPageControl.swift in Sources */,
				F2AA914D1D2CA2E200E57253 /* AppDelegate.swift in Sources */,
			);
			runOnlyForDeploymentPostprocessing = 0;
		};
/* End PBXSourcesBuildPhase section */

/* Begin PBXVariantGroup section */
		F2AA91501D2CA2E200E57253 /* Main.storyboard */ = {
			isa = PBXVariantGroup;
			children = (
				F2AA91511D2CA2E200E57253 /* Base */,
			);
			name = Main.storyboard;
			sourceTree = "<group>";
		};
		F2AA91551D2CA2E200E57253 /* LaunchScreen.storyboard */ = {
			isa = PBXVariantGroup;
			children = (
				F2AA91561D2CA2E200E57253 /* Base */,
			);
			name = LaunchScreen.storyboard;
			sourceTree = "<group>";
		};
/* End PBXVariantGroup section */

/* Begin XCBuildConfiguration section */
		F2AA91591D2CA2E200E57253 /* Debug */ = {
			isa = XCBuildConfiguration;
			buildSettings = {
				ALWAYS_SEARCH_USER_PATHS = NO;
				CLANG_ANALYZER_NONNULL = YES;
				CLANG_CXX_LANGUAGE_STANDARD = "gnu++0x";
				CLANG_CXX_LIBRARY = "libc++";
				CLANG_ENABLE_MODULES = YES;
				CLANG_ENABLE_OBJC_ARC = YES;
				CLANG_WARN_BOOL_CONVERSION = YES;
				CLANG_WARN_CONSTANT_CONVERSION = YES;
				CLANG_WARN_DIRECT_OBJC_ISA_USAGE = YES_ERROR;
				CLANG_WARN_EMPTY_BODY = YES;
				CLANG_WARN_ENUM_CONVERSION = YES;
				CLANG_WARN_INT_CONVERSION = YES;
				CLANG_WARN_OBJC_ROOT_CLASS = YES_ERROR;
				CLANG_WARN_UNREACHABLE_CODE = YES;
				CLANG_WARN__DUPLICATE_METHOD_MATCH = YES;
				"CODE_SIGN_IDENTITY[sdk=iphoneos*]" = "iPhone Developer";
				COPY_PHASE_STRIP = NO;
				DEBUG_INFORMATION_FORMAT = dwarf;
				ENABLE_STRICT_OBJC_MSGSEND = YES;
				ENABLE_TESTABILITY = YES;
				GCC_C_LANGUAGE_STANDARD = gnu99;
				GCC_DYNAMIC_NO_PIC = NO;
				GCC_NO_COMMON_BLOCKS = YES;
				GCC_OPTIMIZATION_LEVEL = 0;
				GCC_PREPROCESSOR_DEFINITIONS = (
					"DEBUG=1",
					"$(inherited)",
				);
				GCC_WARN_64_TO_32_BIT_CONVERSION = YES;
				GCC_WARN_ABOUT_RETURN_TYPE = YES_ERROR;
				GCC_WARN_UNDECLARED_SELECTOR = YES;
				GCC_WARN_UNINITIALIZED_AUTOS = YES_AGGRESSIVE;
				GCC_WARN_UNUSED_FUNCTION = YES;
				GCC_WARN_UNUSED_VARIABLE = YES;
				IPHONEOS_DEPLOYMENT_TARGET = 9.3;
				MTL_ENABLE_DEBUG_INFO = YES;
				ONLY_ACTIVE_ARCH = YES;
				SDKROOT = iphoneos;
				SWIFT_OPTIMIZATION_LEVEL = "-Onone";
				TARGETED_DEVICE_FAMILY = "1,2";
			};
			name = Debug;
		};
		F2AA915A1D2CA2E200E57253 /* Release */ = {
			isa = XCBuildConfiguration;
			buildSettings = {
				ALWAYS_SEARCH_USER_PATHS = NO;
				CLANG_ANALYZER_NONNULL = YES;
				CLANG_CXX_LANGUAGE_STANDARD = "gnu++0x";
				CLANG_CXX_LIBRARY = "libc++";
				CLANG_ENABLE_MODULES = YES;
				CLANG_ENABLE_OBJC_ARC = YES;
				CLANG_WARN_BOOL_CONVERSION = YES;
				CLANG_WARN_CONSTANT_CONVERSION = YES;
				CLANG_WARN_DIRECT_OBJC_ISA_USAGE = YES_ERROR;
				CLANG_WARN_EMPTY_BODY = YES;
				CLANG_WARN_ENUM_CONVERSION = YES;
				CLANG_WARN_INT_CONVERSION = YES;
				CLANG_WARN_OBJC_ROOT_CLASS = YES_ERROR;
				CLANG_WARN_UNREACHABLE_CODE = YES;
				CLANG_WARN__DUPLICATE_METHOD_MATCH = YES;
				"CODE_SIGN_IDENTITY[sdk=iphoneos*]" = "iPhone Developer";
				COPY_PHASE_STRIP = NO;
				DEBUG_INFORMATION_FORMAT = "dwarf-with-dsym";
				ENABLE_NS_ASSERTIONS = NO;
				ENABLE_STRICT_OBJC_MSGSEND = YES;
				GCC_C_LANGUAGE_STANDARD = gnu99;
				GCC_NO_COMMON_BLOCKS = YES;
				GCC_WARN_64_TO_32_BIT_CONVERSION = YES;
				GCC_WARN_ABOUT_RETURN_TYPE = YES_ERROR;
				GCC_WARN_UNDECLARED_SELECTOR = YES;
				GCC_WARN_UNINITIALIZED_AUTOS = YES_AGGRESSIVE;
				GCC_WARN_UNUSED_FUNCTION = YES;
				GCC_WARN_UNUSED_VARIABLE = YES;
				IPHONEOS_DEPLOYMENT_TARGET = 9.3;
				MTL_ENABLE_DEBUG_INFO = NO;
				SDKROOT = iphoneos;
				TARGETED_DEVICE_FAMILY = "1,2";
				VALIDATE_PRODUCT = YES;
			};
			name = Release;
		};
		F2AA915C1D2CA2E200E57253 /* Debug */ = {
			isa = XCBuildConfiguration;
			buildSettings = {
				ASSETCATALOG_COMPILER_APPICON_NAME = AppIcon;
				INFOPLIST_FILE = DRImgCollectionView_Swift/Info.plist;
				LD_RUNPATH_SEARCH_PATHS = "$(inherited) @executable_path/Frameworks";
				PRODUCT_BUNDLE_IDENTIFIER = com.ideabinder.DRImgScrollerView1;
				PRODUCT_NAME = "$(TARGET_NAME)";
			};
			name = Debug;
		};
		F2AA915D1D2CA2E200E57253 /* Release */ = {
			isa = XCBuildConfiguration;
			buildSettings = {
				ASSETCATALOG_COMPILER_APPICON_NAME = AppIcon;
				INFOPLIST_FILE = DRImgCollectionView_Swift/Info.plist;
				LD_RUNPATH_SEARCH_PATHS = "$(inherited) @executable_path/Frameworks";
				PRODUCT_BUNDLE_IDENTIFIER = com.ideabinder.DRImgScrollerView1;
				PRODUCT_NAME = "$(TARGET_NAME)";
			};
			name = Release;
		};
/* End XCBuildConfiguration section */

/* Begin XCConfigurationList section */
		F2AA91441D2CA2E100E57253 /* Build configuration list for PBXProject "DRImgCollectionView_Swift" */ = {
			isa = XCConfigurationList;
			buildConfigurations = (
				F2AA91591D2CA2E200E57253 /* Debug */,
				F2AA915A1D2CA2E200E57253 /* Release */,
			);
			defaultConfigurationIsVisible = 0;
			defaultConfigurationName = Release;
		};
		F2AA915B1D2CA2E200E57253 /* Build configuration list for PBXNativeTarget "DRImgCollectionView_Swift" */ = {
			isa = XCConfigurationList;
			buildConfigurations = (
				F2AA915C1D2CA2E200E57253 /* Debug */,
				F2AA915D1D2CA2E200E57253 /* Release */,
			);
			defaultConfigurationIsVisible = 0;
			defaultConfigurationName = Release;
		};
/* End XCConfigurationList section */
	};
	rootObject = F2AA91411D2CA2E100E57253 /* Project object */;
}
